
Microsoft Visual Studio Solution File, Format Version 12.00
# Visual Studio 15
VisualStudioVersion = 15.0.28010.2050
MinimumVisualStudioVersion = 10.0.40219.1
Project("{FAE04EC0-301F-11D3-BF4B-00C04F79EFBC}") = "HelloWorld", "HelloWorld\HelloWorld.csproj", "{7D2A4416-512C-4187-8754-F3A10FFA9043}"
EndProject
Global
	GlobalSection(SolutionConfigurationPlatforms) = preSolution
		Debug|Any CPU = Debug|Any CPU
		Release|Any CPU = Release|Any CPU
	EndGlobalSection
	GlobalSection(ProjectConfigurationPlatforms) = postSolution
		{7D2A4416-512C-4187-8754-F3A10FFA9043}.Debug|Any CPU.ActiveCfg = Debug|Any CPU
		{7D2A4416-512C-4187-8754-F3A10FFA9043}.Debug|Any CPU.Build.0 = Debug|Any CPU
		{7D2A4416-512C-4187-8754-F3A10FFA9043}.Release|Any CPU.ActiveCfg = Release|Any CPU
		{7D2A4416-512C-4187-8754-F3A10FFA9043}.Release|Any CPU.Build.0 = Release|Any CPU
	EndGlobalSection
	GlobalSection(SolutionProperties) = preSolution
		HideSolutionNode = FALSE
	EndGlobalSection
	GlobalSection(ExtensibilityGlobals) = postSolution
		SolutionGuid = {D7D7437A-AB72-4552-B699-ABB5A41ECA02}
	EndGlobalSection
EndGlobal
